
Microsoft Visual Studio Solution File, Format Version 12.00
# Visual Studio Version 17
VisualStudioVersion = 17.7.34202.233
MinimumVisualStudioVersion = 10.0.40219.1
Project("{FAE04EC0-301F-11D3-BF4B-00C04F79EFBC}") = "paintingapp", "paintingapp.csproj", "{5CA87804-3CCA-4B6C-9F25-26C896C0ED64}"
EndProject
Global
	GlobalSection(SolutionConfigurationPlatforms) = preSolution
		Debug|Any CPU = Debug|Any CPU
		Release|Any CPU = Release|Any CPU
	EndGlobalSection
	GlobalSection(ProjectConfigurationPlatforms) = postSolution
		{5CA87804-3CCA-4B6C-9F25-26C896C0ED64}.Debug|Any CPU.ActiveCfg = Debug|Any CPU
		{5CA87804-3CCA-4B6C-9F25-26C896C0ED64}.Debug|Any CPU.Build.0 = Debug|Any CPU
		{5CA87804-3CCA-4B6C-9F25-26C896C0ED64}.Release|Any CPU.ActiveCfg = Release|Any CPU
		{5CA87804-3CCA-4B6C-9F25-26C896C0ED64}.Release|Any CPU.Build.0 = Release|Any CPU
	EndGlobalSection
	GlobalSection(SolutionProperties) = preSolution
		HideSolutionNode = FALSE
	EndGlobalSection
	GlobalSection(ExtensibilityGlobals) = postSolution
		SolutionGuid = {A2B0EB60-9372-4E47-9F13-F7987C3AFC65}
	EndGlobalSection
EndGlobal
